[[package]]
name = "anyconfig"
version = "0.10.0"
description = "Library provides common APIs to load and dump configuration files in various formats"
category = "main"
optional = false
python-versions = "*"

[package.extras]
devel = ["coveralls", "flake8 (<3.5.0)", "mock", "nose", "pylint", "pycodestyle (<2.4.0)"]
query = ["jmespath"]
schema = ["jsonschema"]
template = ["jinja2"]
toml = ["toml"]
yaml = ["pyyaml"]

[[package]]
name = "certifi"
version = "2020.12.5"
description = "Python package for providing Mozilla's CA Bundle."
category = "main"
optional = false
python-versions = "*"

[[package]]
name = "chardet"
version = "4.0.0"
description = "Universal encoding detector for Python 2 and 3"
category = "main"
optional = false
python-versions = ">=2.7, !=3.0.*, !=3.1.*, !=3.2.*, !=3.3.*, !=3.4.*"

[[package]]
name = "click"
version = "7.1.2"
description = "Composable command line interface toolkit"
category = "main"
optional = false
python-versions = ">=2.7, !=3.0.*, !=3.1.*, !=3.2.*, !=3.3.*, !=3.4.*"

[[package]]
name = "colorama"
version = "0.4.4"
description = "Cross-platform colored terminal text."
category = "main"
optional = false
python-versions = ">=2.7, !=3.0.*, !=3.1.*, !=3.2.*, !=3.3.*, !=3.4.*"

[[package]]
name = "flox-core"
version = "0.1.0"
description = "Core library for flox"
category = "main"
optional = false
python-versions = "^3.8"
develop = false

[package.dependencies]
anyconfig = "^0.10"
click = "^7.1"
lazy-load = "^0.8.2"
loguru = "^0.5"
plumbum = "^1.7"
python-box = "^5.3"
tqdm = "^4.58"
wasabi = "^0.8"

[package.source]
type = "git"
url = "https://github.com/getflox/flox-core.git"
reference = "master"
resolved_reference = "c72291136b8ffccba38e1e5bc4f7676e8b203f1f"

[[package]]
name = "idna"
version = "2.10"
description = "Internationalized Domain Names in Applications (IDNA)"
category = "main"
optional = false
python-versions = ">=2.7, !=3.0.*, !=3.1.*, !=3.2.*, !=3.3.*"

[[package]]
name = "lazy-load"
version = "0.8.2"
description = "ℒazy-ℒoad - A minimalistic interface that allows the lazy evaluation of expressions. Additional functions and wrappers allow it to easily use the lazy evaluation for functions and classes."
category = "main"
optional = false
python-versions = "*"

[package.dependencies]
lazy-object-proxy = ">=1.3.1"

[[package]]
name = "lazy-object-proxy"
version = "1.5.2"
description = "A fast and thorough lazy object proxy."
category = "main"
optional = false
python-versions = ">=2.7, !=3.0.*, !=3.1.*, !=3.2.*, !=3.3.*, !=3.4.*"

[[package]]
name = "loguru"
version = "0.5.3"
description = "Python logging made (stupidly) simple"
category = "main"
optional = false
python-versions = ">=3.5"

[package.dependencies]
colorama = {version = ">=0.3.4", markers = "sys_platform == \"win32\""}
win32-setctime = {version = ">=1.0.0", markers = "sys_platform == \"win32\""}

[package.extras]
dev = ["codecov (>=2.0.15)", "colorama (>=0.3.4)", "flake8 (>=3.7.7)", "tox (>=3.9.0)", "tox-travis (>=0.12)", "pytest (>=4.6.2)", "pytest-cov (>=2.7.1)", "Sphinx (>=2.2.1)", "sphinx-autobuild (>=0.7.1)", "sphinx-rtd-theme (>=0.4.3)", "black (>=19.10b0)", "isort (>=5.1.1)"]

[[package]]
name = "plumbum"
version = "1.7.0"
description = "Plumbum: shell combinators library"
category = "main"
optional = false
python-versions = "!=3.0.*,!=3.1.*,!=3.2.*,!=3.3.*,!=3.4,>=2.7"

[package.dependencies]
pypiwin32 = {version = "*", markers = "platform_system == \"Windows\" and platform_python_implementation != \"PyPy\""}

[package.extras]
dev = ["pytest", "pytest-cov", "pytest-mock", "pytest-timeout", "paramiko", "psutil"]
docs = ["recommonmark (>=0.5.0)", "Sphinx (>=3.0.0)", "sphinx-rtd-theme (>=0.5.0)"]
ssh = ["paramiko"]

[[package]]
name = "pypiwin32"
version = "223"
description = ""
category = "main"
optional = false
python-versions = "*"

[package.dependencies]
pywin32 = ">=223"

[[package]]
name = "python-box"
version = "5.3.0"
description = "Advanced Python dictionaries with dot notation access"
category = "main"
optional = false
python-versions = ">=3.6"

[package.extras]
pyyaml = ["pyyaml"]
all = ["ruamel.yaml", "toml", "msgpack"]
msgpack = ["msgpack"]
"ruamel.yaml" = ["ruamel.yaml"]
toml = ["toml"]

[[package]]
name = "python-slugify"
version = "4.0.1"
description = "A Python Slugify application that handles Unicode"
category = "main"
optional = false
python-versions = ">=2.7, !=3.0.*, !=3.1.*, !=3.2.*, !=3.3.*, !=3.4.*"

[package.dependencies]
text-unidecode = ">=1.3"

[package.extras]
unidecode = ["Unidecode (>=1.1.1)"]

[[package]]
name = "pywin32"
version = "300"
description = "Python for Window Extensions"
category = "main"
optional = false
python-versions = "*"

[[package]]
name = "requests"
version = "2.25.1"
description = "Python HTTP for Humans."
category = "main"
optional = false
python-versions = ">=2.7, !=3.0.*, !=3.1.*, !=3.2.*, !=3.3.*, !=3.4.*"

[package.dependencies]
certifi = ">=2017.4.17"
chardet = ">=3.0.2,<5"
idna = ">=2.5,<3"
urllib3 = ">=1.21.1,<1.27"

[package.extras]
security = ["pyOpenSSL (>=0.14)", "cryptography (>=1.3.4)"]
socks = ["PySocks (>=1.5.6,!=1.5.7)", "win-inet-pton"]

[[package]]
name = "requests-toolbelt"
version = "0.9.1"
description = "A utility belt for advanced users of python-requests"
category = "main"
optional = false
python-versions = "*"

[package.dependencies]
requests = ">=2.0.1,<3.0.0"

[[package]]
name = "text-unidecode"
version = "1.3"
description = "The most basic Text::Unidecode port"
category = "main"
optional = false
python-versions = "*"

[[package]]
name = "tqdm"
version = "4.58.0"
description = "Fast, Extensible Progress Meter"
category = "main"
optional = false
python-versions = "!=3.0.*,!=3.1.*,!=3.2.*,!=3.3.*,>=2.7"

[package.extras]
dev = ["py-make (>=0.1.0)", "twine", "wheel"]
telegram = ["requests"]

[[package]]
name = "urllib3"
version = "1.26.3"
description = "HTTP library with thread-safe connection pooling, file post, and more."
category = "main"
optional = false
python-versions = ">=2.7, !=3.0.*, !=3.1.*, !=3.2.*, !=3.3.*, !=3.4.*, <4"

[package.extras]
brotli = ["brotlipy (>=0.6.0)"]
secure = ["pyOpenSSL (>=0.14)", "cryptography (>=1.3.4)", "idna (>=2.0.0)", "certifi", "ipaddress"]
socks = ["PySocks (>=1.5.6,!=1.5.7,<2.0)"]

[[package]]
name = "wasabi"
version = "0.8.2"
description = "A lightweight console printing and formatting toolkit"
category = "main"
optional = false
python-versions = "*"

[[package]]
name = "win32-setctime"
version = "1.0.3"
description = "A small Python utility to set file creation time on Windows"
category = "main"
optional = false
python-versions = ">=3.5"

[package.extras]
dev = ["pytest (>=4.6.2)", "black (>=19.3b0)"]

[metadata]
lock-version = "1.1"
python-versions = "^3.8"
content-hash = "5e2c3aa60b63f492f179f9e5286a32d9060304523897e60ebec2d04bc3e66c54"

[metadata.files]
anyconfig = [
    {file = "anyconfig-0.10.0-py2.py3-none-any.whl", hash = "sha256:156aa990976d068dec63e1e250ba130a32d48c4b7a8d4f12137b8b74074bbf3f"},
    {file = "anyconfig-0.10.0.tar.gz", hash = "sha256:d9a25625aa72dd870e0712eac3e70fee50eb243af14b2f0cc6f305ec9191cacf"},
]
certifi = [
    {file = "certifi-2020.12.5-py2.py3-none-any.whl", hash = "sha256:719a74fb9e33b9bd44cc7f3a8d94bc35e4049deebe19ba7d8e108280cfd59830"},
    {file = "certifi-2020.12.5.tar.gz", hash = "sha256:1a4995114262bffbc2413b159f2a1a480c969de6e6eb13ee966d470af86af59c"},
]
chardet = [
    {file = "chardet-4.0.0-py2.py3-none-any.whl", hash = "sha256:f864054d66fd9118f2e67044ac8981a54775ec5b67aed0441892edb553d21da5"},
    {file = "chardet-4.0.0.tar.gz", hash = "sha256:0d6f53a15db4120f2b08c94f11e7d93d2c911ee118b6b30a04ec3ee8310179fa"},
]
click = [
    {file = "click-7.1.2-py2.py3-none-any.whl", hash = "sha256:dacca89f4bfadd5de3d7489b7c8a566eee0d3676333fbb50030263894c38c0dc"},
    {file = "click-7.1.2.tar.gz", hash = "sha256:d2b5255c7c6349bc1bd1e59e08cd12acbbd63ce649f2588755783aa94dfb6b1a"},
]
colorama = [
    {file = "colorama-0.4.4-py2.py3-none-any.whl", hash = "sha256:9f47eda37229f68eee03b24b9748937c7dc3868f906e8ba69fbcbdd3bc5dc3e2"},
    {file = "colorama-0.4.4.tar.gz", hash = "sha256:5941b2b48a20143d2267e95b1c2a7603ce057ee39fd88e7329b0c292aa16869b"},
]
flox-core = []
idna = [
    {file = "idna-2.10-py2.py3-none-any.whl", hash = "sha256:b97d804b1e9b523befed77c48dacec60e6dcb0b5391d57af6a65a312a90648c0"},
    {file = "idna-2.10.tar.gz", hash = "sha256:b307872f855b18632ce0c21c5e45be78c0ea7ae4c15c828c20788b26921eb3f6"},
]
lazy-load = [
    {file = "lazy_load-0.8.2-py3-none-any.whl", hash = "sha256:d58239a8c9632a75686b2a7f9ba9736d81510cfcb50bd36458e23c767e75e799"},
    {file = "lazy_load-0.8.2.tar.gz", hash = "sha256:c2592d899748937edf84dbe107354dc21bef5c85b9e41b13f991a74e026655f9"},
]
lazy-object-proxy = [
    {file = "lazy-object-proxy-1.5.2.tar.gz", hash = "sha256:5944a9b95e97de1980c65f03b79b356f30a43de48682b8bdd90aa5089f0ec1f4"},
    {file = "lazy_object_proxy-1.5.2-cp27-cp27m-macosx_10_14_x86_64.whl", hash = "sha256:e960e8be509e8d6d618300a6c189555c24efde63e85acaf0b14b2cd1ac743315"},
    {file = "lazy_object_proxy-1.5.2-cp27-cp27mu-manylinux1_x86_64.whl", hash = "sha256:522b7c94b524389f4a4094c4bf04c2b02228454ddd17c1a9b2801fac1d754871"},
    {file = "lazy_object_proxy-1.5.2-cp35-cp35m-manylinux1_x86_64.whl", hash = "sha256:3782931963dc89e0e9a0ae4348b44762e868ea280e4f8c233b537852a8996ab9"},
    {file = "lazy_object_proxy-1.5.2-cp35-cp35m-manylinux2014_aarch64.whl", hash = "sha256:429c4d1862f3fc37cd56304d880f2eae5bd0da83bdef889f3bd66458aac49128"},
    {file = "lazy_object_proxy-1.5.2-cp35-cp35m-win32.whl", hash = "sha256:cd1bdace1a8762534e9a36c073cd54e97d517a17d69a17985961265be6d22847"},
    {file = "lazy_object_proxy-1.5.2-cp35-cp35m-win_amd64.whl", hash = "sha256:ddbdcd10eb999d7ab292677f588b658372aadb9a52790f82484a37127a390108"},
    {file = "lazy_object_proxy-1.5.2-cp36-cp36m-manylinux1_x86_64.whl", hash = "sha256:ecb5dd5990cec6e7f5c9c1124a37cb2c710c6d69b0c1a5c4aa4b35eba0ada068"},
    {file = "lazy_object_proxy-1.5.2-cp36-cp36m-manylinux2014_aarch64.whl", hash = "sha256:b6577f15d5516d7d209c1a8cde23062c0f10625f19e8dc9fb59268859778d7d7"},
    {file = "lazy_object_proxy-1.5.2-cp36-cp36m-win32.whl", hash = "sha256:c8fe2d6ff0ff583784039d0255ea7da076efd08507f2be6f68583b0da32e3afb"},
    {file = "lazy_object_proxy-1.5.2-cp36-cp36m-win_amd64.whl", hash = "sha256:fa5b2dee0e231fa4ad117be114251bdfe6afe39213bd629d43deb117b6a6c40a"},
    {file = "lazy_object_proxy-1.5.2-cp37-cp37m-manylinux1_x86_64.whl", hash = "sha256:1d33d6f789697f401b75ce08e73b1de567b947740f768376631079290118ad39"},
    {file = "lazy_object_proxy-1.5.2-cp37-cp37m-manylinux2014_aarch64.whl", hash = "sha256:57fb5c5504ddd45ed420b5b6461a78f58cbb0c1b0cbd9cd5a43ad30a4a3ee4d0"},
    {file = "lazy_object_proxy-1.5.2-cp37-cp37m-win32.whl", hash = "sha256:e7273c64bccfd9310e9601b8f4511d84730239516bada26a0c9846c9697617ef"},
    {file = "lazy_object_proxy-1.5.2-cp37-cp37m-win_amd64.whl", hash = "sha256:6f4e5e68b7af950ed7fdb594b3f19a0014a3ace0fedb86acb896e140ffb24302"},
    {file = "lazy_object_proxy-1.5.2-cp38-cp38-manylinux1_x86_64.whl", hash = "sha256:cadfa2c2cf54d35d13dc8d231253b7985b97d629ab9ca6e7d672c35539d38163"},
    {file = "lazy_object_proxy-1.5.2-cp38-cp38-manylinux2014_aarch64.whl", hash = "sha256:e7428977763150b4cf83255625a80a23dfdc94d43be7791ce90799d446b4e26f"},
    {file = "lazy_object_proxy-1.5.2-cp38-cp38-win32.whl", hash = "sha256:2f2de8f8ac0be3e40d17730e0600619d35c78c13a099ea91ef7fb4ad944ce694"},
    {file = "lazy_object_proxy-1.5.2-cp38-cp38-win_amd64.whl", hash = "sha256:38c3865bd220bd983fcaa9aa11462619e84a71233bafd9c880f7b1cb753ca7fa"},
    {file = "lazy_object_proxy-1.5.2-cp39-cp39-macosx_10_14_x86_64.whl", hash = "sha256:8a44e9901c0555f95ac401377032f6e6af66d8fc1fbfad77a7a8b1a826e0b93c"},
    {file = "lazy_object_proxy-1.5.2-cp39-cp39-manylinux1_x86_64.whl", hash = "sha256:fa7fb7973c622b9e725bee1db569d2c2ee64d2f9a089201c5e8185d482c7352d"},
    {file = "lazy_object_proxy-1.5.2-cp39-cp39-manylinux2014_aarch64.whl", hash = "sha256:71a1ef23f22fa8437974b2d60fedb947c99a957ad625f83f43fd3de70f77f458"},
    {file = "lazy_object_proxy-1.5.2-cp39-cp39-win32.whl", hash = "sha256:ef3f5e288aa57b73b034ce9c1f1ac753d968f9069cd0742d1d69c698a0167166"},
    {file = "lazy_object_proxy-1.5.2-cp39-cp39-win_amd64.whl", hash = "sha256:37d9c34b96cca6787fe014aeb651217944a967a5b165e2cacb6b858d2997ab84"},
]
loguru = [
    {file = "loguru-0.5.3-py3-none-any.whl", hash = "sha256:f8087ac396b5ee5f67c963b495d615ebbceac2796379599820e324419d53667c"},
    {file = "loguru-0.5.3.tar.gz", hash = "sha256:b28e72ac7a98be3d28ad28570299a393dfcd32e5e3f6a353dec94675767b6319"},
]
plumbum = [
    {file = "plumbum-1.7.0-py2.py3-none-any.whl", hash = "sha256:139bbe08ee065b522a8a07d4f7e9f8eddffd78cc218b65b11cca2b33683e6b57"},
    {file = "plumbum-1.7.0.tar.gz", hash = "sha256:317744342c755319907c773cc87c3a30adaa3a41b0d34c0ce02d9d1904922dce"},
]
pypiwin32 = [
    {file = "pypiwin32-223-py3-none-any.whl", hash = "sha256:67adf399debc1d5d14dffc1ab5acacb800da569754fafdc576b2a039485aa775"},
    {file = "pypiwin32-223.tar.gz", hash = "sha256:71be40c1fbd28594214ecaecb58e7aa8b708eabfa0125c8a109ebd51edbd776a"},
]
python-box = [
    {file = "python-box-5.3.0.tar.gz", hash = "sha256:4ed4ef5d34de505a65c01e3f1911de8cdb29484fcae0c035141dce535c6c194a"},
    {file = "python_box-5.3.0-py3-none-any.whl", hash = "sha256:f2a531f9f5bbef078c175fad6abb31e9b59d40d121ea79993197e6bb221c6be6"},
]
python-slugify = [
    {file = "python-slugify-4.0.1.tar.gz", hash = "sha256:69a517766e00c1268e5bbfc0d010a0a8508de0b18d30ad5a1ff357f8ae724270"},
]
pywin32 = [
    {file = "pywin32-300-cp35-cp35m-win32.whl", hash = "sha256:1c204a81daed2089e55d11eefa4826c05e604d27fe2be40b6bf8db7b6a39da63"},
    {file = "pywin32-300-cp35-cp35m-win_amd64.whl", hash = "sha256:350c5644775736351b77ba68da09a39c760d75d2467ecec37bd3c36a94fbed64"},
    {file = "pywin32-300-cp36-cp36m-win32.whl", hash = "sha256:a3b4c48c852d4107e8a8ec980b76c94ce596ea66d60f7a697582ea9dce7e0db7"},
    {file = "pywin32-300-cp36-cp36m-win_amd64.whl", hash = "sha256:27a30b887afbf05a9cbb05e3ffd43104a9b71ce292f64a635389dbad0ed1cd85"},
    {file = "pywin32-300-cp37-cp37m-win32.whl", hash = "sha256:d7e8c7efc221f10d6400c19c32a031add1c4a58733298c09216f57b4fde110dc"},
    {file = "pywin32-300-cp37-cp37m-win_amd64.whl", hash = "sha256:8151e4d7a19262d6694162d6da85d99a16f8b908949797fd99c83a0bfaf5807d"},
    {file = "pywin32-300-cp38-cp38-win32.whl", hash = "sha256:fbb3b1b0fbd0b4fc2a3d1d81fe0783e30062c1abed1d17c32b7879d55858cfae"},
    {file = "pywin32-300-cp38-cp38-win_amd64.whl", hash = "sha256:60a8fa361091b2eea27f15718f8eb7f9297e8d51b54dbc4f55f3d238093d5190"},
    {file = "pywin32-300-cp39-cp39-win32.whl", hash = "sha256:638b68eea5cfc8def537e43e9554747f8dee786b090e47ead94bfdafdb0f2f50"},
    {file = "pywin32-300-cp39-cp39-win_amd64.whl", hash = "sha256:b1609ce9bd5c411b81f941b246d683d6508992093203d4eb7f278f4ed1085c3f"},
]
requests = [
    {file = "requests-2.25.1-py2.py3-none-any.whl", hash = "sha256:c210084e36a42ae6b9219e00e48287def368a26d03a048ddad7bfee44f75871e"},
    {file = "requests-2.25.1.tar.gz", hash = "sha256:27973dd4a904a4f13b263a19c866c13b92a39ed1c964655f025f3f8d3d75b804"},
]
requests-toolbelt = [
    {file = "requests-toolbelt-0.9.1.tar.gz", hash = "sha256:968089d4584ad4ad7c171454f0a5c6dac23971e9472521ea3b6d49d610aa6fc0"},
    {file = "requests_toolbelt-0.9.1-py2.py3-none-any.whl", hash = "sha256:380606e1d10dc85c3bd47bf5a6095f815ec007be7a8b69c878507068df059e6f"},
]
text-unidecode = [
    {file = "text-unidecode-1.3.tar.gz", hash = "sha256:bad6603bb14d279193107714b288be206cac565dfa49aa5b105294dd5c4aab93"},
    {file = "text_unidecode-1.3-py2.py3-none-any.whl", hash = "sha256:1311f10e8b895935241623731c2ba64f4c455287888b18189350b67134a822e8"},
]
tqdm = [
    {file = "tqdm-4.58.0-py2.py3-none-any.whl", hash = "sha256:2c44efa73b8914dba7807aefd09653ac63c22b5b4ea34f7a80973f418f1a3089"},
    {file = "tqdm-4.58.0.tar.gz", hash = "sha256:c23ac707e8e8aabb825e4d91f8e17247f9cc14b0d64dd9e97be0781e9e525bba"},
]
urllib3 = [
    {file = "urllib3-1.26.3-py2.py3-none-any.whl", hash = "sha256:1b465e494e3e0d8939b50680403e3aedaa2bc434b7d5af64dfd3c958d7f5ae80"},
    {file = "urllib3-1.26.3.tar.gz", hash = "sha256:de3eedaad74a2683334e282005cd8d7f22f4d55fa690a2a1020a416cb0a47e73"},
]
wasabi = [
    {file = "wasabi-0.8.2-py3-none-any.whl", hash = "sha256:a493e09d86109ec6d9e70d040472f9facc44634d4ae6327182f94091ca73a490"},
    {file = "wasabi-0.8.2.tar.gz", hash = "sha256:b4a36aaa9ca3a151f0c558f269d442afbb3526f0160fd541acd8a0d5e5712054"},
]
win32-setctime = [
    {file = "win32_setctime-1.0.3-py3-none-any.whl", hash = "sha256:dc925662de0a6eb987f0b01f599c01a8236cb8c62831c22d9cada09ad958243e"},
    {file = "win32_setctime-1.0.3.tar.gz", hash = "sha256:4e88556c32fdf47f64165a2180ba4552f8bb32c1103a2fafd05723a0bd42bd4b"},
]
